// !$*UTF8*$!
{
	archiveVersion = 1;
	classes = {
	};
	objectVersion = 50;
	objects = {

/* Begin PBXBuildFile section */
		03984BED2146C26B00D6169D /* AppDelegate.swift in Sources */ = {isa = PBXBuildFile; fileRef = 03984BEC2146C26B00D6169D /* AppDelegate.swift */; };
		03984BEF2146C26B00D6169D /* ViewController.swift in Sources */ = {isa = PBXBuildFile; fileRef = 03984BEE2146C26B00D6169D /* ViewController.swift */; };
		03984BF22146C26B00D6169D /* Main.storyboard in Resources */ = {isa = PBXBuildFile; fileRef = 03984BF02146C26B00D6169D /* Main.storyboard */; };
		03984BF42146C26C00D6169D /* Assets.xcassets in Resources */ = {isa = PBXBuildFile; fileRef = 03984BF32146C26C00D6169D /* Assets.xcassets */; };
		03984BF72146C26C00D6169D /* LaunchScreen.storyboard in Resources */ = {isa = PBXBuildFile; fileRef = 03984BF52146C26C00D6169D /* LaunchScreen.storyboard */; };
		03984C012146C2BB00D6169D /* SubItemView.swift in Sources */ = {isa = PBXBuildFile; fileRef = 03984C002146C2BB00D6169D /* SubItemView.swift */; };
		03984C032146C30C00D6169D /* SubItemView.xib in Resources */ = {isa = PBXBuildFile; fileRef = 03984C022146C30C00D6169D /* SubItemView.xib */; };
/* End PBXBuildFile section */

/* Begin PBXFileReference section */
		03984BE92146C26B00D6169D /* DynamicStackViewTest.app */ = {isa = PBXFileReference; explicitFileType = wrapper.application; includeInIndex = 0; path = DynamicStackViewTest.app; sourceTree = BUILT_PRODUCTS_DIR; };
		03984BEC2146C26B00D6169D /* AppDelegate.swift */ = {isa = PBXFileReference; lastKnownFileType = sourcecode.swift; path = AppDelegate.swift; sourceTree = "<group>"; };
		03984BEE2146C26B00D6169D /* ViewController.swift */ = {isa = PBXFileReference; lastKnownFileType = sourcecode.swift; path = ViewController.swift; sourceTree = "<group>"; };
		03984BF12146C26B00D6169D /* Base */ = {isa = PBXFileReference; lastKnownFileType = file.storyboard; name = Base; path = Base.lproj/Main.storyboard; sourceTree = "<group>"; };
		03984BF32146C26C00D6169D /* Assets.xcassets */ = {isa = PBXFileReference; lastKnownFileType = folder.assetcatalog; path = Assets.xcassets; sourceTree = "<group>"; };
		03984BF62146C26C00D6169D /* Base */ = {isa = PBXFileReference; lastKnownFileType = file.storyboard; name = Base; path = Base.lproj/LaunchScreen.storyboard; sourceTree = "<group>"; };
		03984BF82146C26C00D6169D /* Info.plist */ = {isa = PBXFileReference; lastKnownFileType = text.plist.xml; path = Info.plist; sourceTree = "<group>"; };
		03984C002146C2BB00D6169D /* SubItemView.swift */ = {isa = PBXFileReference; lastKnownFileType = sourcecode.swift; path = SubItemView.swift; sourceTree = "<group>"; };
		03984C022146C30C00D6169D /* SubItemView.xib */ = {isa = PBXFileReference; lastKnownFileType = file.xib; path = SubItemView.xib; sourceTree = "<group>"; };
/* End PBXFileReference section */

/* Begin PBXFrameworksBuildPhase section */
		03984BE62146C26B00D6169D /* Frameworks */ = {
			isa = PBXFrameworksBuildPhase;
			buildActionMask = 2147483647;
			files = (
			);
			runOnlyForDeploymentPostprocessing = 0;
		};
/* End PBXFrameworksBuildPhase section */

/* Begin PBXGroup section */
		03984BE02146C26B00D6169D = {
			isa = PBXGroup;
			children = (
				03984C002146C2BB00D6169D /* SubItemView.swift */,
				03984C022146C30C00D6169D /* SubItemView.xib */,
				03984BEB2146C26B00D6169D /* DynamicStackViewTest */,
				03984BEA2146C26B00D6169D /* Products */,
			);
			sourceTree = "<group>";
		};
		03984BEA2146C26B00D6169D /* Products */ = {
			isa = PBXGroup;
			children = (
				03984BE92146C26B00D6169D /* DynamicStackViewTest.app */,
			);
			name = Products;
			sourceTree = "<group>";
		};
		03984BEB2146C26B00D6169D /* DynamicStackViewTest */ = {
			isa = PBXGroup;
			children = (
				03984BEC2146C26B00D6169D /* AppDelegate.swift */,
				03984BEE2146C26B00D6169D /* ViewController.swift */,
				03984BF02146C26B00D6169D /* Main.storyboard */,
				03984BF32146C26C00D6169D /* Assets.xcassets */,
				03984BF52146C26C00D6169D /* LaunchScreen.storyboard */,
				03984BF82146C26C00D6169D /* Info.plist */,
			);
			path = DynamicStackViewTest;
			sourceTree = "<group>";
		};
/* End PBXGroup section */

/* Begin PBXNativeTarget section */
		03984BE82146C26B00D6169D /* DynamicStackViewTest */ = {
			isa = PBXNativeTarget;
			buildConfigurationList = 03984BFB2146C26C00D6169D /* Build configuration list for PBXNativeTarget "DynamicStackViewTest" */;
			buildPhases = (
				03984BE52146C26B00D6169D /* Sources */,
				03984BE62146C26B00D6169D /* Frameworks */,
				03984BE72146C26B00D6169D /* Resources */,
			);
			buildRules = (
			);
			dependencies = (
			);
			name = DynamicStackViewTest;
			productName = DynamicStackViewTest;
			productReference = 03984BE92146C26B00D6169D /* DynamicStackViewTest.app */;
			productType = "com.apple.product-type.application";
		};
/* End PBXNativeTarget section */

/* Begin PBXProject section */
		03984BE12146C26B00D6169D /* Project object */ = {
			isa = PBXProject;
			attributes = {
				LastSwiftUpdateCheck = 0940;
				LastUpgradeCheck = 0940;
				ORGANIZATIONNAME = "Adam Teale";
				TargetAttributes = {
					03984BE82146C26B00D6169D = {
						CreatedOnToolsVersion = 9.4.1;
					};
				};
			};
			buildConfigurationList = 03984BE42146C26B00D6169D /* Build configuration list for PBXProject "DynamicStackViewTest" */;
			compatibilityVersion = "Xcode 9.3";
			developmentRegion = en;
			hasScannedForEncodings = 0;
			knownRegions = (
				en,
				Base,
			);
			mainGroup = 03984BE02146C26B00D6169D;
			productRefGroup = 03984BEA2146C26B00D6169D /* Products */;
			projectDirPath = "";
			projectRoot = "";
			targets = (
				03984BE82146C26B00D6169D /* DynamicStackViewTest */,
			);
		};
/* End PBXProject section */

/* Begin PBXResourcesBuildPhase section */
		03984BE72146C26B00D6169D /* Resources */ = {
			isa = PBXResourcesBuildPhase;
			buildActionMask = 2147483647;
			files = (
				03984C032146C30C00D6169D /* SubItemView.xib in Resources */,
				03984BF72146C26C00D6169D /* LaunchScreen.storyboard in Resources */,
				03984BF42146C26C00D6169D /* Assets.xcassets in Resources */,
				03984BF22146C26B00D6169D /* Main.storyboard in Resources */,
			);
			runOnlyForDeploymentPostprocessing = 0;
		};
/* End PBXResourcesBuildPhase section */

/* Begin PBXSourcesBuildPhase section */
		03984BE52146C26B00D6169D /* Sources */ = {
			isa = PBXSourcesBuildPhase;
			buildActionMask = 2147483647;
			files = (
				03984C012146C2BB00D6169D /* SubItemView.swift in Sources */,
				03984BEF2146C26B00D6169D /* ViewController.swift in Sources */,
				03984BED2146C26B00D6169D /* AppDelegate.swift in Sources */,
			);
			runOnlyForDeploymentPostprocessing = 0;
		};
/* End PBXSourcesBuildPhase section */

/* Begin PBXVariantGroup section */
		03984BF02146C26B00D6169D /* Main.storyboard */ = {
			isa = PBXVariantGroup;
			children = (
				03984BF12146C26B00D6169D /* Base */,
			);
			name = Main.storyboard;
			sourceTree = "<group>";
		};
		03984BF52146C26C00D6169D /* LaunchScreen.storyboard */ = {
			isa = PBXVariantGroup;
			children = (
				03984BF62146C26C00D6169D /* Base */,
			);
			name = LaunchScreen.storyboard;
			sourceTree = "<group>";
		};
/* End PBXVariantGroup section */

/* Begin XCBuildConfiguration section */
		03984BF92146C26C00D6169D /* Debug */ = {
			isa = XCBuildConfiguration;
			buildSettings = {
				ALWAYS_SEARCH_USER_PATHS = NO;
				CLANG_ANALYZER_NONNULL = YES;
				CLANG_ANALYZER_NUMBER_OBJECT_CONVERSION = YES_AGGRESSIVE;
				CLANG_CXX_LANGUAGE_STANDARD = "gnu++14";
				CLANG_CXX_LIBRARY = "libc++";
				CLANG_ENABLE_MODULES = YES;
				CLANG_ENABLE_OBJC_ARC = YES;
				CLANG_ENABLE_OBJC_WEAK = YES;
				CLANG_WARN_BLOCK_CAPTURE_AUTORELEASING = YES;
				CLANG_WARN_BOOL_CONVERSION = YES;
				CLANG_WARN_COMMA = YES;
				CLANG_WARN_CONSTANT_CONVERSION = YES;
				CLANG_WARN_DEPRECATED_OBJC_IMPLEMENTATIONS = YES;
				CLANG_WARN_DIRECT_OBJC_ISA_USAGE = YES_ERROR;
				CLANG_WARN_DOCUMENTATION_COMMENTS = YES;
				CLANG_WARN_EMPTY_BODY = YES;
				CLANG_WARN_ENUM_CONVERSION = YES;
				CLANG_WARN_INFINITE_RECURSION = YES;
				CLANG_WARN_INT_CONVERSION = YES;
				CLANG_WARN_NON_LITERAL_NULL_CONVERSION = YES;
				CLANG_WARN_OBJC_IMPLICIT_RETAIN_SELF = YES;
				CLANG_WARN_OBJC_LITERAL_CONVERSION = YES;
				CLANG_WARN_OBJC_ROOT_CLASS = YES_ERROR;
				CLANG_WARN_RANGE_LOOP_ANALYSIS = YES;
				CLANG_WARN_STRICT_PROTOTYPES = YES;
				CLANG_WARN_SUSPICIOUS_MOVE = YES;
				CLANG_WARN_UNGUARDED_AVAILABILITY = YES_AGGRESSIVE;
				CLANG_WARN_UNREACHABLE_CODE = YES;
				CLANG_WARN__DUPLICATE_METHOD_MATCH = YES;
				CODE_SIGN_IDENTITY = "iPhone Developer";
				COPY_PHASE_STRIP = NO;
				DEBUG_INFORMATION_FORMAT = dwarf;
				ENABLE_STRICT_OBJC_MSGSEND = YES;
				ENABLE_TESTABILITY = YES;
				GCC_C_LANGUAGE_STANDARD = gnu11;
				GCC_DYNAMIC_NO_PIC = NO;
				GCC_NO_COMMON_BLOCKS = YES;
				GCC_OPTIMIZATION_LEVEL = 0;
				GCC_PREPROCESSOR_DEFINITIONS = (
					"DEBUG=1",
					"$(inherited)",
				);
				GCC_WARN_64_TO_32_BIT_CONVERSION = YES;
				GCC_WARN_ABOUT_RETURN_TYPE = YES_ERROR;
				GCC_WARN_UNDECLARED_SELECTOR = YES;
				GCC_WARN_UNINITIALIZED_AUTOS = YES_AGGRESSIVE;
				GCC_WARN_UNUSED_FUNCTION = YES;
				GCC_WARN_UNUSED_VARIABLE = YES;
				IPHONEOS_DEPLOYMENT_TARGET = 11.4;
				MTL_ENABLE_DEBUG_INFO = YES;
				ONLY_ACTIVE_ARCH = YES;
				SDKROOT = iphoneos;
				SWIFT_ACTIVE_COMPILATION_CONDITIONS = DEBUG;
				SWIFT_OPTIMIZATION_LEVEL = "-Onone";
			};
			name = Debug;
		};
		03984BFA2146C26C00D6169D /* Release */ = {
			isa = XCBuildConfiguration;
			buildSettings = {
				ALWAYS_SEARCH_USER_PATHS = NO;
				CLANG_ANALYZER_NONNULL = YES;
				CLANG_ANALYZER_NUMBER_OBJECT_CONVERSION = YES_AGGRESSIVE;
				CLANG_CXX_LANGUAGE_STANDARD = "gnu++14";
				CLANG_CXX_LIBRARY = "libc++";
				CLANG_ENABLE_MODULES = YES;
				CLANG_ENABLE_OBJC_ARC = YES;
				CLANG_ENABLE_OBJC_WEAK = YES;
				CLANG_WARN_BLOCK_CAPTURE_AUTORELEASING = YES;
				CLANG_WARN_BOOL_CONVERSION = YES;
				CLANG_WARN_COMMA = YES;
				CLANG_WARN_CONSTANT_CONVERSION = YES;
				CLANG_WARN_DEPRECATED_OBJC_IMPLEMENTATIONS = YES;
				CLANG_WARN_DIRECT_OBJC_ISA_USAGE = YES_ERROR;
				CLANG_WARN_DOCUMENTATION_COMMENTS = YES;
				CLANG_WARN_EMPTY_BODY = YES;
				CLANG_WARN_ENUM_CONVERSION = YES;
				CLANG_WARN_INFINITE_RECURSION = YES;
				CLANG_WARN_INT_CONVERSION = YES;
				CLANG_WARN_NON_LITERAL_NULL_CONVERSION = YES;
				CLANG_WARN_OBJC_IMPLICIT_RETAIN_SELF = YES;
				CLANG_WARN_OBJC_LITERAL_CONVERSION = YES;
				CLANG_WARN_OBJC_ROOT_CLASS = YES_ERROR;
				CLANG_WARN_RANGE_LOOP_ANALYSIS = YES;
				CLANG_WARN_STRICT_PROTOTYPES = YES;
				CLANG_WARN_SUSPICIOUS_MOVE = YES;
				CLANG_WARN_UNGUARDED_AVAILABILITY = YES_AGGRESSIVE;
				CLANG_WARN_UNREACHABLE_CODE = YES;
				CLANG_WARN__DUPLICATE_METHOD_MATCH = YES;
				CODE_SIGN_IDENTITY = "iPhone Developer";
				COPY_PHASE_STRIP = NO;
				DEBUG_INFORMATION_FORMAT = "dwarf-with-dsym";
				ENABLE_NS_ASSERTIONS = NO;
				ENABLE_STRICT_OBJC_MSGSEND = YES;
				GCC_C_LANGUAGE_STANDARD = gnu11;
				GCC_NO_COMMON_BLOCKS = YES;
				GCC_WARN_64_TO_32_BIT_CONVERSION = YES;
				GCC_WARN_ABOUT_RETURN_TYPE = YES_ERROR;
				GCC_WARN_UNDECLARED_SELECTOR = YES;
				GCC_WARN_UNINITIALIZED_AUTOS = YES_AGGRESSIVE;
				GCC_WARN_UNUSED_FUNCTION = YES;
				GCC_WARN_UNUSED_VARIABLE = YES;
				IPHONEOS_DEPLOYMENT_TARGET = 11.4;
				MTL_ENABLE_DEBUG_INFO = NO;
				SDKROOT = iphoneos;
				SWIFT_COMPILATION_MODE = wholemodule;
				SWIFT_OPTIMIZATION_LEVEL = "-O";
				VALIDATE_PRODUCT = YES;
			};
			name = Release;
		};
		03984BFC2146C26C00D6169D /* Debug */ = {
			isa = XCBuildConfiguration;
			buildSettings = {
				ASSETCATALOG_COMPILER_APPICON_NAME = AppIcon;
				CODE_SIGN_STYLE = Automatic;
				INFOPLIST_FILE = DynamicStackViewTest/Info.plist;
				LD_RUNPATH_SEARCH_PATHS = (
					"$(inherited)",
					"@executable_path/Frameworks",
				);
				PRODUCT_BUNDLE_IDENTIFIER = com.reigndesign.DynamicStackViewTest;
				PRODUCT_NAME = "$(TARGET_NAME)";
				SWIFT_VERSION = 4.0;
				TARGETED_DEVICE_FAMILY = "1,2";
			};
			name = Debug;
		};
		03984BFD2146C26C00D6169D /* Release */ = {
			isa = XCBuildConfiguration;
			buildSettings = {
				ASSETCATALOG_COMPILER_APPICON_NAME = AppIcon;
				CODE_SIGN_STYLE = Automatic;
				INFOPLIST_FILE = DynamicStackViewTest/Info.plist;
				LD_RUNPATH_SEARCH_PATHS = (
					"$(inherited)",
					"@executable_path/Frameworks",
				);
				PRODUCT_BUNDLE_IDENTIFIER = com.reigndesign.DynamicStackViewTest;
				PRODUCT_NAME = "$(TARGET_NAME)";
				SWIFT_VERSION = 4.0;
				TARGETED_DEVICE_FAMILY = "1,2";
			};
			name = Release;
		};
/* End XCBuildConfiguration section */

/* Begin XCConfigurationList section */
		03984BE42146C26B00D6169D /* Build configuration list for PBXProject "DynamicStackViewTest" */ = {
			isa = XCConfigurationList;
			buildConfigurations = (
				03984BF92146C26C00D6169D /* Debug */,
				03984BFA2146C26C00D6169D /* Release */,
			);
			defaultConfigurationIsVisible = 0;
			defaultConfigurationName = Release;
		};
		03984BFB2146C26C00D6169D /* Build configuration list for PBXNativeTarget "DynamicStackViewTest" */ = {
			isa = XCConfigurationList;
			buildConfigurations = (
				03984BFC2146C26C00D6169D /* Debug */,
				03984BFD2146C26C00D6169D /* Release */,
			);
			defaultConfigurationIsVisible = 0;
			defaultConfigurationName = Release;
		};
/* End XCConfigurationList section */
	};
	rootObject = 03984BE12146C26B00D6169D /* Project object */;
}
